
Microsoft Visual Studio Solution File, Format Version 12.00
# Visual Studio 2013
VisualStudioVersion = 12.0.40629.0
MinimumVisualStudioVersion = 10.0.40219.1
Project("{8BC9CEB8-8B4A-11D0-8D11-00A0C91BC942}") = "SMDS_Codes_Constructor", "SMDS_Codes_Constructor\SMDS_Codes_Constructor.vcxproj", "{41B8F5FE-3B89-4562-A936-496DD3E4C411}"
EndProject
Global
	GlobalSection(SolutionConfigurationPlatforms) = preSolution
		Debug|Win32 = Debug|Win32
		Release|Win32 = Release|Win32
	EndGlobalSection
	GlobalSection(ProjectConfigurationPlatforms) = postSolution
		{41B8F5FE-3B89-4562-A936-496DD3E4C411}.Debug|Win32.ActiveCfg = Debug|Win32
		{41B8F5FE-3B89-4562-A936-496DD3E4C411}.Debug|Win32.Build.0 = Debug|Win32
		{41B8F5FE-3B89-4562-A936-496DD3E4C411}.Release|Win32.ActiveCfg = Release|Win32
		{41B8F5FE-3B89-4562-A936-496DD3E4C411}.Release|Win32.Build.0 = Release|Win32
	EndGlobalSection
	GlobalSection(SolutionProperties) = preSolution
		HideSolutionNode = FALSE
	EndGlobalSection
EndGlobal
